
Microsoft Visual Studio Solution File, Format Version 12.00
# Visual Studio Version 17
VisualStudioVersion = 17.9.34701.34
MinimumVisualStudioVersion = 10.0.40219.1
Project("{9A19103F-16F7-4668-BE54-9A1E7A4F7556}") = "DemoWPF", "DemoWPF\DemoWPF.csproj", "{B82F6EBB-6648-4271-A36C-F9B65BD94AFC}"
EndProject
Project("{9A19103F-16F7-4668-BE54-9A1E7A4F7556}") = "MaterialDesignThemes.Wpf", "MaterialDesignThemes.Wpf\MaterialDesignThemes.Wpf.csproj", "{1A30847F-CDC5-4E57-B534-DEA2AAE954A3}"
EndProject
Project("{9A19103F-16F7-4668-BE54-9A1E7A4F7556}") = "MaterialDesignColors.Wpf", "MaterialDesignColors.Wpf\MaterialDesignColors.Wpf.csproj", "{36BAD2A9-580E-4D21-9A8D-884CB19164BF}"
EndProject
Global
	GlobalSection(SolutionConfigurationPlatforms) = preSolution
		Debug|Any CPU = Debug|Any CPU
		Debug|ARM = Debug|ARM
		Debug|x64 = Debug|x64
		Debug|x86 = Debug|x86
		Release|Any CPU = Release|Any CPU
		Release|ARM = Release|ARM
		Release|x64 = Release|x64
		Release|x86 = Release|x86
	EndGlobalSection
	GlobalSection(ProjectConfigurationPlatforms) = postSolution
		{B82F6EBB-6648-4271-A36C-F9B65BD94AFC}.Debug|Any CPU.ActiveCfg = Debug|Any CPU
		{B82F6EBB-6648-4271-A36C-F9B65BD94AFC}.Debug|Any CPU.Build.0 = Debug|Any CPU
		{B82F6EBB-6648-4271-A36C-F9B65BD94AFC}.Debug|ARM.ActiveCfg = Debug|Any CPU
		{B82F6EBB-6648-4271-A36C-F9B65BD94AFC}.Debug|ARM.Build.0 = Debug|Any CPU
		{B82F6EBB-6648-4271-A36C-F9B65BD94AFC}.Debug|x64.ActiveCfg = Debug|Any CPU
		{B82F6EBB-6648-4271-A36C-F9B65BD94AFC}.Debug|x64.Build.0 = Debug|Any CPU
		{B82F6EBB-6648-4271-A36C-F9B65BD94AFC}.Debug|x86.ActiveCfg = Debug|Any CPU
		{B82F6EBB-6648-4271-A36C-F9B65BD94AFC}.Debug|x86.Build.0 = Debug|Any CPU
		{B82F6EBB-6648-4271-A36C-F9B65BD94AFC}.Release|Any CPU.ActiveCfg = Release|Any CPU
		{B82F6EBB-6648-4271-A36C-F9B65BD94AFC}.Release|Any CPU.Build.0 = Release|Any CPU
		{B82F6EBB-6648-4271-A36C-F9B65BD94AFC}.Release|ARM.ActiveCfg = Release|Any CPU
		{B82F6EBB-6648-4271-A36C-F9B65BD94AFC}.Release|ARM.Build.0 = Release|Any CPU
		{B82F6EBB-6648-4271-A36C-F9B65BD94AFC}.Release|x64.ActiveCfg = Release|Any CPU
		{B82F6EBB-6648-4271-A36C-F9B65BD94AFC}.Release|x64.Build.0 = Release|Any CPU
		{B82F6EBB-6648-4271-A36C-F9B65BD94AFC}.Release|x86.ActiveCfg = Release|Any CPU
		{B82F6EBB-6648-4271-A36C-F9B65BD94AFC}.Release|x86.Build.0 = Release|Any CPU
		{1A30847F-CDC5-4E57-B534-DEA2AAE954A3}.Debug|Any CPU.ActiveCfg = Debug|Any CPU
		{1A30847F-CDC5-4E57-B534-DEA2AAE954A3}.Debug|Any CPU.Build.0 = Debug|Any CPU
		{1A30847F-CDC5-4E57-B534-DEA2AAE954A3}.Debug|ARM.ActiveCfg = Debug|Any CPU
		{1A30847F-CDC5-4E57-B534-DEA2AAE954A3}.Debug|ARM.Build.0 = Debug|Any CPU
		{1A30847F-CDC5-4E57-B534-DEA2AAE954A3}.Debug|x64.ActiveCfg = Debug|Any CPU
		{1A30847F-CDC5-4E57-B534-DEA2AAE954A3}.Debug|x64.Build.0 = Debug|Any CPU
		{1A30847F-CDC5-4E57-B534-DEA2AAE954A3}.Debug|x86.ActiveCfg = Debug|Any CPU
		{1A30847F-CDC5-4E57-B534-DEA2AAE954A3}.Debug|x86.Build.0 = Debug|Any CPU
		{1A30847F-CDC5-4E57-B534-DEA2AAE954A3}.Release|Any CPU.ActiveCfg = Release|Any CPU
		{1A30847F-CDC5-4E57-B534-DEA2AAE954A3}.Release|Any CPU.Build.0 = Release|Any CPU
		{1A30847F-CDC5-4E57-B534-DEA2AAE954A3}.Release|ARM.ActiveCfg = Release|Any CPU
		{1A30847F-CDC5-4E57-B534-DEA2AAE954A3}.Release|ARM.Build.0 = Release|Any CPU
		{1A30847F-CDC5-4E57-B534-DEA2AAE954A3}.Release|x64.ActiveCfg = Release|Any CPU
		{1A30847F-CDC5-4E57-B534-DEA2AAE954A3}.Release|x64.Build.0 = Release|Any CPU
		{1A30847F-CDC5-4E57-B534-DEA2AAE954A3}.Release|x86.ActiveCfg = Release|Any CPU
		{1A30847F-CDC5-4E57-B534-DEA2AAE954A3}.Release|x86.Build.0 = Release|Any CPU
		{36BAD2A9-580E-4D21-9A8D-884CB19164BF}.Debug|Any CPU.ActiveCfg = Debug|Any CPU
		{36BAD2A9-580E-4D21-9A8D-884CB19164BF}.Debug|Any CPU.Build.0 = Debug|Any CPU
		{36BAD2A9-580E-4D21-9A8D-884CB19164BF}.Debug|ARM.ActiveCfg = Debug|Any CPU
		{36BAD2A9-580E-4D21-9A8D-884CB19164BF}.Debug|ARM.Build.0 = Debug|Any CPU
		{36BAD2A9-580E-4D21-9A8D-884CB19164BF}.Debug|x64.ActiveCfg = Debug|Any CPU
		{36BAD2A9-580E-4D21-9A8D-884CB19164BF}.Debug|x64.Build.0 = Debug|Any CPU
		{36BAD2A9-580E-4D21-9A8D-884CB19164BF}.Debug|x86.ActiveCfg = Debug|Any CPU
		{36BAD2A9-580E-4D21-9A8D-884CB19164BF}.Debug|x86.Build.0 = Debug|Any CPU
		{36BAD2A9-580E-4D21-9A8D-884CB19164BF}.Release|Any CPU.ActiveCfg = Release|Any CPU
		{36BAD2A9-580E-4D21-9A8D-884CB19164BF}.Release|Any CPU.Build.0 = Release|Any CPU
		{36BAD2A9-580E-4D21-9A8D-884CB19164BF}.Release|ARM.ActiveCfg = Release|Any CPU
		{36BAD2A9-580E-4D21-9A8D-884CB19164BF}.Release|ARM.Build.0 = Release|Any CPU
		{36BAD2A9-580E-4D21-9A8D-884CB19164BF}.Release|x64.ActiveCfg = Release|Any CPU
		{36BAD2A9-580E-4D21-9A8D-884CB19164BF}.Release|x64.Build.0 = Release|Any CPU
		{36BAD2A9-580E-4D21-9A8D-884CB19164BF}.Release|x86.ActiveCfg = Release|Any CPU
		{36BAD2A9-580E-4D21-9A8D-884CB19164BF}.Release|x86.Build.0 = Release|Any CPU
	EndGlobalSection
	GlobalSection(SolutionProperties) = preSolution
		HideSolutionNode = FALSE
	EndGlobalSection
	GlobalSection(ExtensibilityGlobals) = postSolution
		SolutionGuid = {9F99A551-BA27-4535-AC2C-3E00BD204331}
	EndGlobalSection
EndGlobal
