
Microsoft Visual Studio Solution File, Format Version 12.00
# Visual Studio Version 17
VisualStudioVersion = 17.9.34701.34
MinimumVisualStudioVersion = 10.0.40219.1
Project("{9A19103F-16F7-4668-BE54-9A1E7A4F7556}") = "DemoWPF", "DemoWPF\DemoWPF.csproj", "{B82F6EBB-6648-4271-A36C-F9B65BD94AFC}"
EndProject
Project("{9A19103F-16F7-4668-BE54-9A1E7A4F7556}") = "MaterialDesignThemes.Wpf", "..\MaterialDesignInXamlToolkit-master\MaterialDesignThemes.Wpf\MaterialDesignThemes.Wpf.csproj", "{6ADD87BF-BD8E-46C3-8D2A-1DFF02F07B19}"
EndProject
Project("{9A19103F-16F7-4668-BE54-9A1E7A4F7556}") = "MaterialDesignColors.Wpf", "..\MaterialDesignInXamlToolkit-master\MaterialDesignColors.Wpf\MaterialDesignColors.Wpf.csproj", "{657B0E83-C479-4386-A024-26DC720C2BC4}"
EndProject
Global
	GlobalSection(SolutionConfigurationPlatforms) = preSolution
		Debug|Any CPU = Debug|Any CPU
		Release|Any CPU = Release|Any CPU
	EndGlobalSection
	GlobalSection(ProjectConfigurationPlatforms) = postSolution
		{B82F6EBB-6648-4271-A36C-F9B65BD94AFC}.Debug|Any CPU.ActiveCfg = Debug|Any CPU
		{B82F6EBB-6648-4271-A36C-F9B65BD94AFC}.Debug|Any CPU.Build.0 = Debug|Any CPU
		{B82F6EBB-6648-4271-A36C-F9B65BD94AFC}.Release|Any CPU.ActiveCfg = Release|Any CPU
		{B82F6EBB-6648-4271-A36C-F9B65BD94AFC}.Release|Any CPU.Build.0 = Release|Any CPU
		{6ADD87BF-BD8E-46C3-8D2A-1DFF02F07B19}.Debug|Any CPU.ActiveCfg = Debug|Any CPU
		{6ADD87BF-BD8E-46C3-8D2A-1DFF02F07B19}.Debug|Any CPU.Build.0 = Debug|Any CPU
		{6ADD87BF-BD8E-46C3-8D2A-1DFF02F07B19}.Release|Any CPU.ActiveCfg = Release|Any CPU
		{6ADD87BF-BD8E-46C3-8D2A-1DFF02F07B19}.Release|Any CPU.Build.0 = Release|Any CPU
		{657B0E83-C479-4386-A024-26DC720C2BC4}.Debug|Any CPU.ActiveCfg = Debug|Any CPU
		{657B0E83-C479-4386-A024-26DC720C2BC4}.Debug|Any CPU.Build.0 = Debug|Any CPU
		{657B0E83-C479-4386-A024-26DC720C2BC4}.Release|Any CPU.ActiveCfg = Release|Any CPU
		{657B0E83-C479-4386-A024-26DC720C2BC4}.Release|Any CPU.Build.0 = Release|Any CPU
	EndGlobalSection
	GlobalSection(SolutionProperties) = preSolution
		HideSolutionNode = FALSE
	EndGlobalSection
	GlobalSection(ExtensibilityGlobals) = postSolution
		SolutionGuid = {9F99A551-BA27-4535-AC2C-3E00BD204331}
	EndGlobalSection
EndGlobal
